
Microsoft Visual Studio Solution File, Format Version 12.00
# Visual Studio Version 16
VisualStudioVersion = 16.0.30204.135
MinimumVisualStudioVersion = 10.0.40219.1
Project("{FAE04EC0-301F-11D3-BF4B-00C04F79EFBC}") = "BoxingUnboxing", "BoxingUnboxing\BoxingUnboxing.csproj", "{A8AD950C-6FC4-4213-A8F3-2E56565BB4B2}"
EndProject
Global
	GlobalSection(SolutionConfigurationPlatforms) = preSolution
		Debug|Any CPU = Debug|Any CPU
		Release|Any CPU = Release|Any CPU
	EndGlobalSection
	GlobalSection(ProjectConfigurationPlatforms) = postSolution
		{A8AD950C-6FC4-4213-A8F3-2E56565BB4B2}.Debug|Any CPU.ActiveCfg = Debug|Any CPU
		{A8AD950C-6FC4-4213-A8F3-2E56565BB4B2}.Debug|Any CPU.Build.0 = Debug|Any CPU
		{A8AD950C-6FC4-4213-A8F3-2E56565BB4B2}.Release|Any CPU.ActiveCfg = Release|Any CPU
		{A8AD950C-6FC4-4213-A8F3-2E56565BB4B2}.Release|Any CPU.Build.0 = Release|Any CPU
	EndGlobalSection
	GlobalSection(SolutionProperties) = preSolution
		HideSolutionNode = FALSE
	EndGlobalSection
	GlobalSection(ExtensibilityGlobals) = postSolution
		SolutionGuid = {1A81BD12-F069-46ED-B34C-09DEF7156AFD}
	EndGlobalSection
EndGlobal
